
Microsoft Visual Studio Solution File, Format Version 12.00
# Visual Studio Version 17
VisualStudioVersion = 17.5.33516.290
MinimumVisualStudioVersion = 10.0.40219.1
Project("{FAE04EC0-301F-11D3-BF4B-00C04F79EFBC}") = "Payroll", "Payroll\Payroll.csproj", "{DEC6E707-1BD3-42D8-8932-656826128060}"
EndProject
Project("{FAE04EC0-301F-11D3-BF4B-00C04F79EFBC}") = "LunchOrder", "LunchOrder\LunchOrder.csproj", "{44A9347F-4154-415F-A5A6-0976B0B7D1D0}"
EndProject
Project("{FAE04EC0-301F-11D3-BF4B-00C04F79EFBC}") = "ChangeMachine", "ChangeMachine\ChangeMachine.csproj", "{4DE176D2-1B9F-44AA-B53B-E5D7A7B0827C}"
EndProject
Global
	GlobalSection(SolutionConfigurationPlatforms) = preSolution
		Debug|Any CPU = Debug|Any CPU
		Release|Any CPU = Release|Any CPU
	EndGlobalSection
	GlobalSection(ProjectConfigurationPlatforms) = postSolution
		{DEC6E707-1BD3-42D8-8932-656826128060}.Debug|Any CPU.ActiveCfg = Debug|Any CPU
		{DEC6E707-1BD3-42D8-8932-656826128060}.Debug|Any CPU.Build.0 = Debug|Any CPU
		{DEC6E707-1BD3-42D8-8932-656826128060}.Release|Any CPU.ActiveCfg = Release|Any CPU
		{DEC6E707-1BD3-42D8-8932-656826128060}.Release|Any CPU.Build.0 = Release|Any CPU
		{44A9347F-4154-415F-A5A6-0976B0B7D1D0}.Debug|Any CPU.ActiveCfg = Debug|Any CPU
		{44A9347F-4154-415F-A5A6-0976B0B7D1D0}.Debug|Any CPU.Build.0 = Debug|Any CPU
		{44A9347F-4154-415F-A5A6-0976B0B7D1D0}.Release|Any CPU.ActiveCfg = Release|Any CPU
		{44A9347F-4154-415F-A5A6-0976B0B7D1D0}.Release|Any CPU.Build.0 = Release|Any CPU
		{4DE176D2-1B9F-44AA-B53B-E5D7A7B0827C}.Debug|Any CPU.ActiveCfg = Debug|Any CPU
		{4DE176D2-1B9F-44AA-B53B-E5D7A7B0827C}.Debug|Any CPU.Build.0 = Debug|Any CPU
		{4DE176D2-1B9F-44AA-B53B-E5D7A7B0827C}.Release|Any CPU.ActiveCfg = Release|Any CPU
		{4DE176D2-1B9F-44AA-B53B-E5D7A7B0827C}.Release|Any CPU.Build.0 = Release|Any CPU
	EndGlobalSection
	GlobalSection(SolutionProperties) = preSolution
		HideSolutionNode = FALSE
	EndGlobalSection
	GlobalSection(ExtensibilityGlobals) = postSolution
		SolutionGuid = {63933579-CFB5-4031-B6C6-E007323D9282}
	EndGlobalSection
EndGlobal
